{
 "graph_lock": {
  "nodes": {
   "0": {
    "options": "fmt:fPIC=True\nfmt:header_only=False\nfmt:shared=False\nfmt:with_fmt_alias=False\nfmt:with_os_api=True\nspdlog:fPIC=True\nspdlog:header_only=False\nspdlog:no_exceptions=False\nspdlog:shared=False\nspdlog:use_std_fmt=False\nspdlog:wchar_filenames=False\nspdlog:wchar_support=False",
    "requires": [
     "1"
    ],
    "path": "../../conanfile.txt",
    "context": "host"
   },
   "1": {
    "ref": "spdlog/1.12.0",
    "options": "fPIC=True\nheader_only=False\nno_exceptions=False\nshared=False\nuse_std_fmt=False\nwchar_filenames=False\nwchar_support=False\nfmt:fPIC=True\nfmt:header_only=False\nfmt:shared=False\nfmt:with_fmt_alias=False\nfmt:with_os_api=True",
    "package_id": "9396d3b05eea01628a595aba2be9c61301a17041",
    "prev": "0",
    "requires": [
     "2"
    ],
    "context": "host"
   },
   "2": {
    "ref": "fmt/10.2.1",
    "options": "fPIC=True\nheader_only=False\nshared=False\nwith_fmt_alias=False\nwith_os_api=True",
    "package_id": "026a8d91379d81211ef1ed9ee723e5d409d45db7",
    "prev": "0",
    "context": "host"
   }
  },
  "revisions_enabled": false
 },
 "version": "0.4",
 "profile_host": "[settings]\narch=x86_64\narch_build=x86_64\nbuild_type=Debug\ncompiler=gcc\ncompiler.libcxx=libstdc++\ncompiler.version=13\nos=Linux\nos_build=Linux\n[options]\n[build_requires]\n[env]\n[conf]\ntools.system.package_manager:sudo=True\ntools.system.package_manager:mode=install\n"
}